<?xml version="1.0" encoding="utf-8"?>
<Project ToolsVersion="4.0" xmlns="http://schemas.microsoft.com/developer/msbuild/2003">
  <ItemGroup>
    <Filter Include="Source Files">
      <UniqueIdentifier>{4FC737F1-C7A5-4376-A066-2A32D752A2FF}</UniqueIdentifier>
      <Extensions>cpp;c;cc;cxx;c++;cppm;ixx;def;odl;idl;hpj;bat;asm;asmx</Extensions>
    </Filter>
    <Filter Include="Header Files">
      <UniqueIdentifier>{93995380-89BD-4b04-88EB-625FBE52EBFB}</UniqueIdentifier>
      <Extensions>h;hh;hpp;hxx;h++;hm;inl;inc;ipp;xsd</Extensions>
    </Filter>
    <Filter Include="Resource Files">
      <UniqueIdentifier>{67DA6AB6-F800-4c08-8B7A-83BB121AAD01}</UniqueIdentifier>
      <Extensions>rc;ico;cur;bmp;dlg;rc2;rct;bin;rgs;gif;jpg;jpeg;jpe;resx;tiff;tif;png;wav;mfcribbon-ms</Extensions>
    </Filter>
  </ItemGroup>
  <ItemGroup>
    <ClInclude Include="classes\app_variables_struct\VariablesStruct.hpp">
      <Filter>Header Files</Filter>
    </ClInclude>
    <ClInclude Include="classes\employee_class_attributes\EmployeeAttributesClass.hpp">
      <Filter>Header Files</Filter>
    </ClInclude>
    <ClInclude Include="classes\employee_class-imp\EmployeeClass.hpp">
      <Filter>Header Files</Filter>
    </ClInclude>
    <ClInclude Include="classes\input_handler_class-imp\InputHandlerClass.hpp">
      <Filter>Header Files</Filter>
    </ClInclude>
    <ClInclude Include="classes\manager_class-imp\ManagerClass.hpp">
      <Filter>Header Files</Filter>
    </ClInclude>
    <ClInclude Include="classes\print_class-imp\PrintClass.hpp">
      <Filter>Header Files</Filter>
    </ClInclude>
    <ClInclude Include="classes\search_class-imp\SearchingClass.hpp">
      <Filter>Header Files</Filter>
    </ClInclude>
    <ClInclude Include="classes\signup-login_classes\login_class-imp\LoginClass.hpp">
      <Filter>Header Files</Filter>
    </ClInclude>
    <ClInclude Include="classes\signup-login_classes\signup_class-imp\SignupClass.hpp">
      <Filter>Header Files</Filter>
    </ClInclude>
    <ClInclude Include="classes\storage_class_attributes\StorageClass.hpp">
      <Filter>Header Files</Filter>
    </ClInclude>
    <ClInclude Include="interfaces\main_interfaces\employee_interface_class-imp\EmployeeInterfaceClass.hpp">
      <Filter>Header Files</Filter>
    </ClInclude>
    <ClInclude Include="interfaces\main_interfaces\manager_interface_class-imp\ManagerInterfaceClass.hpp">
      <Filter>Header Files</Filter>
    </ClInclude>
    <ClInclude Include="interfaces\signup-login_interfaces\employee_signup-login_class-imp\EmployeeSignupLoginClass.hpp">
      <Filter>Header Files</Filter>
    </ClInclude>
    <ClInclude Include="interfaces\signup-login_interfaces\manager_signup-login_class-imp\ManagerSignupLoginClass.hpp">
      <Filter>Header Files</Filter>
    </ClInclude>
  </ItemGroup>
  <ItemGroup>
    <ClCompile Include="classes\employee_class-imp\EmployeeClass.cpp">
      <Filter>Source Files</Filter>
    </ClCompile>
    <ClCompile Include="classes\manager_class-imp\ManagerClass.cpp">
      <Filter>Source Files</Filter>
    </ClCompile>
    <ClCompile Include="classes\print_class-imp\PrintClass.cpp">
      <Filter>Source Files</Filter>
    </ClCompile>
    <ClCompile Include="classes\search_class-imp\SearchingClass.cpp">
      <Filter>Source Files</Filter>
    </ClCompile>
    <ClCompile Include="classes\signup-login_classes\login_class-imp\LoginClass.cpp">
      <Filter>Source Files</Filter>
    </ClCompile>
    <ClCompile Include="classes\signup-login_classes\signup_class-imp\SignupClass.cpp">
      <Filter>Source Files</Filter>
    </ClCompile>
    <ClCompile Include="src\StorageManagement.cpp">
      <Filter>Source Files</Filter>
    </ClCompile>
  </ItemGroup>
</Project>